// !$*UTF8*$!
{
	archiveVersion = 1;
	classes = {
	};
	objectVersion = 77;
	objects = {

/* Begin PBXBuildFile section */
		D5E4C2772EC2C8D2006618D0 /* Assets.xcassets in Resources */ = {isa = PBXBuildFile; fileRef = D5E4C2732EC2C8D2006618D0 /* Assets.xcassets */; };
		D5E4C2782EC2C8D2006618D0 /* CirclesView.swift in Sources */ = {isa = PBXBuildFile; fileRef = D5E4C2652EC2C8D2006618D0 /* CirclesView.swift */; };
		D5E4C2792EC2C8D2006618D0 /* CustomSlider.swift in Sources */ = {isa = PBXBuildFile; fileRef = D5E4C2662EC2C8D2006618D0 /* CustomSlider.swift */; };
		D5E4C27A2EC2C8D2006618D0 /* Font+Extensions.swift in Sources */ = {isa = PBXBuildFile; fileRef = D5E4C2672EC2C8D2006618D0 /* Font+Extensions.swift */; };
		D5E4C27B2EC2C8D2006618D0 /* GridView.swift in Sources */ = {isa = PBXBuildFile; fileRef = D5E4C2682EC2C8D2006618D0 /* GridView.swift */; };
		D5E4C27C2EC2C8D2006618D0 /* MusicApp.swift in Sources */ = {isa = PBXBuildFile; fileRef = D5E4C2692EC2C8D2006618D0 /* MusicApp.swift */; };
		D5E4C27D2EC2C8D2006618D0 /* WeatherApp.swift in Sources */ = {isa = PBXBuildFile; fileRef = D5E4C26C2EC2C8D2006618D0 /* WeatherApp.swift */; };
		D5E4C27E2EC2C8D2006618D0 /* WeatherByHourRow.swift in Sources */ = {isa = PBXBuildFile; fileRef = D5E4C26D2EC2C8D2006618D0 /* WeatherByHourRow.swift */; };
		D5E4C27F2EC2C8D2006618D0 /* WeatherByWeekdayRow.swift in Sources */ = {isa = PBXBuildFile; fileRef = D5E4C26E2EC2C8D2006618D0 /* WeatherByWeekdayRow.swift */; };
		D5E4C2802EC2C8D2006618D0 /* WeatherDate.swift in Sources */ = {isa = PBXBuildFile; fileRef = D5E4C26F2EC2C8D2006618D0 /* WeatherDate.swift */; };
		D5E4C2812EC2C8D2006618D0 /* WeatherDateOption.swift in Sources */ = {isa = PBXBuildFile; fileRef = D5E4C2702EC2C8D2006618D0 /* WeatherDateOption.swift */; };
		D5E4C2822EC2C8D2006618D0 /* WeatherHeaderView.swift in Sources */ = {isa = PBXBuildFile; fileRef = D5E4C2712EC2C8D2006618D0 /* WeatherHeaderView.swift */; };
		D5E4C2832EC2C8D2006618D0 /* SDP_Ejercicios_SwiftUIApp.swift in Sources */ = {isa = PBXBuildFile; fileRef = D5E4C2742EC2C8D2006618D0 /* SDP_Ejercicios_SwiftUIApp.swift */; };
		D5E4C2872EC2CA23006618D0 /* WeatherRespositoryProtocol.swift in Sources */ = {isa = PBXBuildFile; fileRef = D5E4C2862EC2CA23006618D0 /* WeatherRespositoryProtocol.swift */; };
		D5E4C28A2EC2CC9A006618D0 /* WeatherViewModel.swift in Sources */ = {isa = PBXBuildFile; fileRef = D5E4C2892EC2CC9A006618D0 /* WeatherViewModel.swift */; };
		D5E4C28D2EC2DB79006618D0 /* WeatherRespository.swift in Sources */ = {isa = PBXBuildFile; fileRef = D5E4C28C2EC2DB79006618D0 /* WeatherRespository.swift */; };
/* End PBXBuildFile section */

/* Begin PBXFileReference section */
		D5214A102EB8E50F007F2C51 /* SDP-Ejercicios-SwiftUI.app */ = {isa = PBXFileReference; explicitFileType = wrapper.application; includeInIndex = 0; path = "SDP-Ejercicios-SwiftUI.app"; sourceTree = BUILT_PRODUCTS_DIR; };
		D5E4C2652EC2C8D2006618D0 /* CirclesView.swift */ = {isa = PBXFileReference; lastKnownFileType = sourcecode.swift; path = CirclesView.swift; sourceTree = "<group>"; };
		D5E4C2662EC2C8D2006618D0 /* CustomSlider.swift */ = {isa = PBXFileReference; lastKnownFileType = sourcecode.swift; path = CustomSlider.swift; sourceTree = "<group>"; };
		D5E4C2672EC2C8D2006618D0 /* Font+Extensions.swift */ = {isa = PBXFileReference; lastKnownFileType = sourcecode.swift; path = "Font+Extensions.swift"; sourceTree = "<group>"; };
		D5E4C2682EC2C8D2006618D0 /* GridView.swift */ = {isa = PBXFileReference; lastKnownFileType = sourcecode.swift; path = GridView.swift; sourceTree = "<group>"; };
		D5E4C2692EC2C8D2006618D0 /* MusicApp.swift */ = {isa = PBXFileReference; lastKnownFileType = sourcecode.swift; path = MusicApp.swift; sourceTree = "<group>"; };
		D5E4C26A2EC2C8D2006618D0 /* README.md */ = {isa = PBXFileReference; lastKnownFileType = net.daringfireball.markdown; path = README.md; sourceTree = "<group>"; };
		D5E4C26C2EC2C8D2006618D0 /* WeatherApp.swift */ = {isa = PBXFileReference; lastKnownFileType = sourcecode.swift; path = WeatherApp.swift; sourceTree = "<group>"; };
		D5E4C26D2EC2C8D2006618D0 /* WeatherByHourRow.swift */ = {isa = PBXFileReference; lastKnownFileType = sourcecode.swift; path = WeatherByHourRow.swift; sourceTree = "<group>"; };
		D5E4C26E2EC2C8D2006618D0 /* WeatherByWeekdayRow.swift */ = {isa = PBXFileReference; lastKnownFileType = sourcecode.swift; path = WeatherByWeekdayRow.swift; sourceTree = "<group>"; };
		D5E4C26F2EC2C8D2006618D0 /* WeatherDate.swift */ = {isa = PBXFileReference; lastKnownFileType = sourcecode.swift; path = WeatherDate.swift; sourceTree = "<group>"; };
		D5E4C2702EC2C8D2006618D0 /* WeatherDateOption.swift */ = {isa = PBXFileReference; lastKnownFileType = sourcecode.swift; path = WeatherDateOption.swift; sourceTree = "<group>"; };
		D5E4C2712EC2C8D2006618D0 /* WeatherHeaderView.swift */ = {isa = PBXFileReference; lastKnownFileType = sourcecode.swift; path = WeatherHeaderView.swift; sourceTree = "<group>"; };
		D5E4C2732EC2C8D2006618D0 /* Assets.xcassets */ = {isa = PBXFileReference; lastKnownFileType = folder.assetcatalog; path = Assets.xcassets; sourceTree = "<group>"; };
		D5E4C2742EC2C8D2006618D0 /* SDP_Ejercicios_SwiftUIApp.swift */ = {isa = PBXFileReference; lastKnownFileType = sourcecode.swift; path = SDP_Ejercicios_SwiftUIApp.swift; sourceTree = "<group>"; };
		D5E4C2862EC2CA23006618D0 /* WeatherRespositoryProtocol.swift */ = {isa = PBXFileReference; lastKnownFileType = sourcecode.swift; path = WeatherRespositoryProtocol.swift; sourceTree = "<group>"; };
		D5E4C2892EC2CC9A006618D0 /* WeatherViewModel.swift */ = {isa = PBXFileReference; lastKnownFileType = sourcecode.swift; path = WeatherViewModel.swift; sourceTree = "<group>"; };
		D5E4C28C2EC2DB79006618D0 /* WeatherRespository.swift */ = {isa = PBXFileReference; lastKnownFileType = sourcecode.swift; path = WeatherRespository.swift; sourceTree = "<group>"; };
		D5E4C2C72EC3EE04006618D0 /* README.md */ = {isa = PBXFileReference; lastKnownFileType = net.daringfireball.markdown; path = README.md; sourceTree = "<group>"; };
/* End PBXFileReference section */

/* Begin PBXFrameworksBuildPhase section */
		D5214A0D2EB8E50F007F2C51 /* Frameworks */ = {
			isa = PBXFrameworksBuildPhase;
			buildActionMask = 2147483647;
			files = (
			);
			runOnlyForDeploymentPostprocessing = 0;
		};
/* End PBXFrameworksBuildPhase section */

/* Begin PBXGroup section */
		D5214A072EB8E50F007F2C51 = {
			isa = PBXGroup;
			children = (
				D5E4C2752EC2C8D2006618D0 /* SDP-Ejercicios-SwiftUI */,
				D5214A112EB8E50F007F2C51 /* Products */,
			);
			sourceTree = "<group>";
		};
		D5214A112EB8E50F007F2C51 /* Products */ = {
			isa = PBXGroup;
			children = (
				D5214A102EB8E50F007F2C51 /* SDP-Ejercicios-SwiftUI.app */,
			);
			name = Products;
			sourceTree = "<group>";
		};
		D5E4C26B2EC2C8D2006618D0 /* MusicApp */ = {
			isa = PBXGroup;
			children = (
				D5E4C2652EC2C8D2006618D0 /* CirclesView.swift */,
				D5E4C2662EC2C8D2006618D0 /* CustomSlider.swift */,
				D5E4C2672EC2C8D2006618D0 /* Font+Extensions.swift */,
				D5E4C2682EC2C8D2006618D0 /* GridView.swift */,
				D5E4C2692EC2C8D2006618D0 /* MusicApp.swift */,
				D5E4C26A2EC2C8D2006618D0 /* README.md */,
			);
			path = MusicApp;
			sourceTree = "<group>";
		};
		D5E4C2722EC2C8D2006618D0 /* WeatherApp */ = {
			isa = PBXGroup;
			children = (
				D5E4C2882EC2CC8A006618D0 /* ViewModel */,
				D5E4C2852EC2CA00006618D0 /* Repository */,
				D5E4C28B2EC2D7BF006618D0 /* Views */,
				D5E4C2842EC2C8E0006618D0 /* Models */,
				D5E4C2C72EC3EE04006618D0 /* README.md */,
			);
			path = WeatherApp;
			sourceTree = "<group>";
		};
		D5E4C2752EC2C8D2006618D0 /* SDP-Ejercicios-SwiftUI */ = {
			isa = PBXGroup;
			children = (
				D5E4C26B2EC2C8D2006618D0 /* MusicApp */,
				D5E4C2722EC2C8D2006618D0 /* WeatherApp */,
				D5E4C2732EC2C8D2006618D0 /* Assets.xcassets */,
				D5E4C2742EC2C8D2006618D0 /* SDP_Ejercicios_SwiftUIApp.swift */,
			);
			path = "SDP-Ejercicios-SwiftUI";
			sourceTree = "<group>";
		};
		D5E4C2842EC2C8E0006618D0 /* Models */ = {
			isa = PBXGroup;
			children = (
				D5E4C26F2EC2C8D2006618D0 /* WeatherDate.swift */,
				D5E4C2702EC2C8D2006618D0 /* WeatherDateOption.swift */,
			);
			path = Models;
			sourceTree = "<group>";
		};
		D5E4C2852EC2CA00006618D0 /* Repository */ = {
			isa = PBXGroup;
			children = (
				D5E4C2862EC2CA23006618D0 /* WeatherRespositoryProtocol.swift */,
				D5E4C28C2EC2DB79006618D0 /* WeatherRespository.swift */,
			);
			path = Repository;
			sourceTree = "<group>";
		};
		D5E4C2882EC2CC8A006618D0 /* ViewModel */ = {
			isa = PBXGroup;
			children = (
				D5E4C2892EC2CC9A006618D0 /* WeatherViewModel.swift */,
			);
			path = ViewModel;
			sourceTree = "<group>";
		};
		D5E4C28B2EC2D7BF006618D0 /* Views */ = {
			isa = PBXGroup;
			children = (
				D5E4C26C2EC2C8D2006618D0 /* WeatherApp.swift */,
				D5E4C26D2EC2C8D2006618D0 /* WeatherByHourRow.swift */,
				D5E4C26E2EC2C8D2006618D0 /* WeatherByWeekdayRow.swift */,
				D5E4C2712EC2C8D2006618D0 /* WeatherHeaderView.swift */,
			);
			path = Views;
			sourceTree = "<group>";
		};
/* End PBXGroup section */

/* Begin PBXNativeTarget section */
		D5214A0F2EB8E50F007F2C51 /* SDP-Ejercicios-SwiftUI */ = {
			isa = PBXNativeTarget;
			buildConfigurationList = D5214A1B2EB8E511007F2C51 /* Build configuration list for PBXNativeTarget "SDP-Ejercicios-SwiftUI" */;
			buildPhases = (
				D5214A0C2EB8E50F007F2C51 /* Sources */,
				D5214A0D2EB8E50F007F2C51 /* Frameworks */,
				D5214A0E2EB8E50F007F2C51 /* Resources */,
			);
			buildRules = (
			);
			dependencies = (
			);
			name = "SDP-Ejercicios-SwiftUI";
			packageProductDependencies = (
			);
			productName = "SDP-Ejercicios-SwiftUI";
			productReference = D5214A102EB8E50F007F2C51 /* SDP-Ejercicios-SwiftUI.app */;
			productType = "com.apple.product-type.application";
		};
/* End PBXNativeTarget section */

/* Begin PBXProject section */
		D5214A082EB8E50F007F2C51 /* Project object */ = {
			isa = PBXProject;
			attributes = {
				BuildIndependentTargetsInParallel = 1;
				LastSwiftUpdateCheck = 2600;
				LastUpgradeCheck = 2600;
				TargetAttributes = {
					D5214A0F2EB8E50F007F2C51 = {
						CreatedOnToolsVersion = 26.0.1;
					};
				};
			};
			buildConfigurationList = D5214A0B2EB8E50F007F2C51 /* Build configuration list for PBXProject "SDP-Ejercicios-SwiftUI" */;
			developmentRegion = en;
			hasScannedForEncodings = 0;
			knownRegions = (
				en,
				Base,
			);
			mainGroup = D5214A072EB8E50F007F2C51;
			minimizedProjectReferenceProxies = 1;
			preferredProjectObjectVersion = 77;
			productRefGroup = D5214A112EB8E50F007F2C51 /* Products */;
			projectDirPath = "";
			projectRoot = "";
			targets = (
				D5214A0F2EB8E50F007F2C51 /* SDP-Ejercicios-SwiftUI */,
			);
		};
/* End PBXProject section */

/* Begin PBXResourcesBuildPhase section */
		D5214A0E2EB8E50F007F2C51 /* Resources */ = {
			isa = PBXResourcesBuildPhase;
			buildActionMask = 2147483647;
			files = (
				D5E4C2772EC2C8D2006618D0 /* Assets.xcassets in Resources */,
			);
			runOnlyForDeploymentPostprocessing = 0;
		};
/* End PBXResourcesBuildPhase section */

/* Begin PBXSourcesBuildPhase section */
		D5214A0C2EB8E50F007F2C51 /* Sources */ = {
			isa = PBXSourcesBuildPhase;
			buildActionMask = 2147483647;
			files = (
				D5E4C2782EC2C8D2006618D0 /* CirclesView.swift in Sources */,
				D5E4C2792EC2C8D2006618D0 /* CustomSlider.swift in Sources */,
				D5E4C27A2EC2C8D2006618D0 /* Font+Extensions.swift in Sources */,
				D5E4C27B2EC2C8D2006618D0 /* GridView.swift in Sources */,
				D5E4C27C2EC2C8D2006618D0 /* MusicApp.swift in Sources */,
				D5E4C27D2EC2C8D2006618D0 /* WeatherApp.swift in Sources */,
				D5E4C28D2EC2DB79006618D0 /* WeatherRespository.swift in Sources */,
				D5E4C28A2EC2CC9A006618D0 /* WeatherViewModel.swift in Sources */,
				D5E4C27E2EC2C8D2006618D0 /* WeatherByHourRow.swift in Sources */,
				D5E4C27F2EC2C8D2006618D0 /* WeatherByWeekdayRow.swift in Sources */,
				D5E4C2872EC2CA23006618D0 /* WeatherRespositoryProtocol.swift in Sources */,
				D5E4C2802EC2C8D2006618D0 /* WeatherDate.swift in Sources */,
				D5E4C2812EC2C8D2006618D0 /* WeatherDateOption.swift in Sources */,
				D5E4C2822EC2C8D2006618D0 /* WeatherHeaderView.swift in Sources */,
				D5E4C2832EC2C8D2006618D0 /* SDP_Ejercicios_SwiftUIApp.swift in Sources */,
			);
			runOnlyForDeploymentPostprocessing = 0;
		};
/* End PBXSourcesBuildPhase section */

/* Begin XCBuildConfiguration section */
		D5214A192EB8E511007F2C51 /* Debug */ = {
			isa = XCBuildConfiguration;
			buildSettings = {
				ALWAYS_SEARCH_USER_PATHS = NO;
				ASSETCATALOG_COMPILER_GENERATE_SWIFT_ASSET_SYMBOL_EXTENSIONS = YES;
				CLANG_ANALYZER_NONNULL = YES;
				CLANG_ANALYZER_NUMBER_OBJECT_CONVERSION = YES_AGGRESSIVE;
				CLANG_CXX_LANGUAGE_STANDARD = "gnu++20";
				CLANG_ENABLE_MODULES = YES;
				CLANG_ENABLE_OBJC_ARC = YES;
				CLANG_ENABLE_OBJC_WEAK = YES;
				CLANG_WARN_BLOCK_CAPTURE_AUTORELEASING = YES;
				CLANG_WARN_BOOL_CONVERSION = YES;
				CLANG_WARN_COMMA = YES;
				CLANG_WARN_CONSTANT_CONVERSION = YES;
				CLANG_WARN_DEPRECATED_OBJC_IMPLEMENTATIONS = YES;
				CLANG_WARN_DIRECT_OBJC_ISA_USAGE = YES_ERROR;
				CLANG_WARN_DOCUMENTATION_COMMENTS = YES;
				CLANG_WARN_EMPTY_BODY = YES;
				CLANG_WARN_ENUM_CONVERSION = YES;
				CLANG_WARN_INFINITE_RECURSION = YES;
				CLANG_WARN_INT_CONVERSION = YES;
				CLANG_WARN_NON_LITERAL_NULL_CONVERSION = YES;
				CLANG_WARN_OBJC_IMPLICIT_RETAIN_SELF = YES;
				CLANG_WARN_OBJC_LITERAL_CONVERSION = YES;
				CLANG_WARN_OBJC_ROOT_CLASS = YES_ERROR;
				CLANG_WARN_QUOTED_INCLUDE_IN_FRAMEWORK_HEADER = YES;
				CLANG_WARN_RANGE_LOOP_ANALYSIS = YES;
				CLANG_WARN_STRICT_PROTOTYPES = YES;
				CLANG_WARN_SUSPICIOUS_MOVE = YES;
				CLANG_WARN_UNGUARDED_AVAILABILITY = YES_AGGRESSIVE;
				CLANG_WARN_UNREACHABLE_CODE = YES;
				CLANG_WARN__DUPLICATE_METHOD_MATCH = YES;
				COPY_PHASE_STRIP = NO;
				DEBUG_INFORMATION_FORMAT = dwarf;
				DEVELOPMENT_TEAM = V8BCKJ57FF;
				ENABLE_STRICT_OBJC_MSGSEND = YES;
				ENABLE_TESTABILITY = YES;
				ENABLE_USER_SCRIPT_SANDBOXING = YES;
				GCC_C_LANGUAGE_STANDARD = gnu17;
				GCC_DYNAMIC_NO_PIC = NO;
				GCC_NO_COMMON_BLOCKS = YES;
				GCC_OPTIMIZATION_LEVEL = 0;
				GCC_PREPROCESSOR_DEFINITIONS = (
					"DEBUG=1",
					"$(inherited)",
				);
				GCC_WARN_64_TO_32_BIT_CONVERSION = YES;
				GCC_WARN_ABOUT_RETURN_TYPE = YES_ERROR;
				GCC_WARN_UNDECLARED_SELECTOR = YES;
				GCC_WARN_UNINITIALIZED_AUTOS = YES_AGGRESSIVE;
				GCC_WARN_UNUSED_FUNCTION = YES;
				GCC_WARN_UNUSED_VARIABLE = YES;
				IPHONEOS_DEPLOYMENT_TARGET = 26.0;
				LOCALIZATION_PREFERS_STRING_CATALOGS = YES;
				MTL_ENABLE_DEBUG_INFO = INCLUDE_SOURCE;
				MTL_FAST_MATH = YES;
				ONLY_ACTIVE_ARCH = YES;
				SDKROOT = iphoneos;
				SWIFT_ACTIVE_COMPILATION_CONDITIONS = "DEBUG $(inherited)";
				SWIFT_OPTIMIZATION_LEVEL = "-Onone";
			};
			name = Debug;
		};
		D5214A1A2EB8E511007F2C51 /* Release */ = {
			isa = XCBuildConfiguration;
			buildSettings = {
				ALWAYS_SEARCH_USER_PATHS = NO;
				ASSETCATALOG_COMPILER_GENERATE_SWIFT_ASSET_SYMBOL_EXTENSIONS = YES;
				CLANG_ANALYZER_NONNULL = YES;
				CLANG_ANALYZER_NUMBER_OBJECT_CONVERSION = YES_AGGRESSIVE;
				CLANG_CXX_LANGUAGE_STANDARD = "gnu++20";
				CLANG_ENABLE_MODULES = YES;
				CLANG_ENABLE_OBJC_ARC = YES;
				CLANG_ENABLE_OBJC_WEAK = YES;
				CLANG_WARN_BLOCK_CAPTURE_AUTORELEASING = YES;
				CLANG_WARN_BOOL_CONVERSION = YES;
				CLANG_WARN_COMMA = YES;
				CLANG_WARN_CONSTANT_CONVERSION = YES;
				CLANG_WARN_DEPRECATED_OBJC_IMPLEMENTATIONS = YES;
				CLANG_WARN_DIRECT_OBJC_ISA_USAGE = YES_ERROR;
				CLANG_WARN_DOCUMENTATION_COMMENTS = YES;
				CLANG_WARN_EMPTY_BODY = YES;
				CLANG_WARN_ENUM_CONVERSION = YES;
				CLANG_WARN_INFINITE_RECURSION = YES;
				CLANG_WARN_INT_CONVERSION = YES;
				CLANG_WARN_NON_LITERAL_NULL_CONVERSION = YES;
				CLANG_WARN_OBJC_IMPLICIT_RETAIN_SELF = YES;
				CLANG_WARN_OBJC_LITERAL_CONVERSION = YES;
				CLANG_WARN_OBJC_ROOT_CLASS = YES_ERROR;
				CLANG_WARN_QUOTED_INCLUDE_IN_FRAMEWORK_HEADER = YES;
				CLANG_WARN_RANGE_LOOP_ANALYSIS = YES;
				CLANG_WARN_STRICT_PROTOTYPES = YES;
				CLANG_WARN_SUSPICIOUS_MOVE = YES;
				CLANG_WARN_UNGUARDED_AVAILABILITY = YES_AGGRESSIVE;
				CLANG_WARN_UNREACHABLE_CODE = YES;
				CLANG_WARN__DUPLICATE_METHOD_MATCH = YES;
				COPY_PHASE_STRIP = NO;
				DEBUG_INFORMATION_FORMAT = "dwarf-with-dsym";
				DEVELOPMENT_TEAM = V8BCKJ57FF;
				ENABLE_NS_ASSERTIONS = NO;
				ENABLE_STRICT_OBJC_MSGSEND = YES;
				ENABLE_USER_SCRIPT_SANDBOXING = YES;
				GCC_C_LANGUAGE_STANDARD = gnu17;
				GCC_NO_COMMON_BLOCKS = YES;
				GCC_WARN_64_TO_32_BIT_CONVERSION = YES;
				GCC_WARN_ABOUT_RETURN_TYPE = YES_ERROR;
				GCC_WARN_UNDECLARED_SELECTOR = YES;
				GCC_WARN_UNINITIALIZED_AUTOS = YES_AGGRESSIVE;
				GCC_WARN_UNUSED_FUNCTION = YES;
				GCC_WARN_UNUSED_VARIABLE = YES;
				IPHONEOS_DEPLOYMENT_TARGET = 26.0;
				LOCALIZATION_PREFERS_STRING_CATALOGS = YES;
				MTL_ENABLE_DEBUG_INFO = NO;
				MTL_FAST_MATH = YES;
				SDKROOT = iphoneos;
				SWIFT_COMPILATION_MODE = wholemodule;
				VALIDATE_PRODUCT = YES;
			};
			name = Release;
		};
		D5214A1C2EB8E511007F2C51 /* Debug */ = {
			isa = XCBuildConfiguration;
			buildSettings = {
				ASSETCATALOG_COMPILER_APPICON_NAME = AppIcon;
				ASSETCATALOG_COMPILER_GLOBAL_ACCENT_COLOR_NAME = AccentColor;
				CODE_SIGN_STYLE = Automatic;
				CURRENT_PROJECT_VERSION = 1;
				DEVELOPMENT_TEAM = V8BCKJ57FF;
				ENABLE_PREVIEWS = YES;
				GENERATE_INFOPLIST_FILE = YES;
				INFOPLIST_FILE = "SDP-Ejercicios-SwiftUI/Info.plist";
				INFOPLIST_KEY_UIApplicationSceneManifest_Generation = YES;
				INFOPLIST_KEY_UIApplicationSupportsIndirectInputEvents = YES;
				INFOPLIST_KEY_UILaunchScreen_Generation = YES;
				INFOPLIST_KEY_UISupportedInterfaceOrientations_iPad = "UIInterfaceOrientationPortrait UIInterfaceOrientationPortraitUpsideDown UIInterfaceOrientationLandscapeLeft UIInterfaceOrientationLandscapeRight";
				INFOPLIST_KEY_UISupportedInterfaceOrientations_iPhone = "UIInterfaceOrientationPortrait UIInterfaceOrientationLandscapeLeft UIInterfaceOrientationLandscapeRight";
				LD_RUNPATH_SEARCH_PATHS = (
					"$(inherited)",
					"@executable_path/Frameworks",
				);
				MARKETING_VERSION = 1.0;
				PRODUCT_BUNDLE_IDENTIFIER = "com.example.SDP-Ejercicios-SwiftUI";
				PRODUCT_NAME = "$(TARGET_NAME)";
				STRING_CATALOG_GENERATE_SYMBOLS = YES;
				SWIFT_APPROACHABLE_CONCURRENCY = YES;
				SWIFT_DEFAULT_ACTOR_ISOLATION = MainActor;
				SWIFT_EMIT_LOC_STRINGS = YES;
				SWIFT_UPCOMING_FEATURE_MEMBER_IMPORT_VISIBILITY = YES;
				SWIFT_VERSION = 5.0;
				TARGETED_DEVICE_FAMILY = "1,2";
			};
			name = Debug;
		};
		D5214A1D2EB8E511007F2C51 /* Release */ = {
			isa = XCBuildConfiguration;
			buildSettings = {
				ASSETCATALOG_COMPILER_APPICON_NAME = AppIcon;
				ASSETCATALOG_COMPILER_GLOBAL_ACCENT_COLOR_NAME = AccentColor;
				CODE_SIGN_STYLE = Automatic;
				CURRENT_PROJECT_VERSION = 1;
				DEVELOPMENT_TEAM = V8BCKJ57FF;
				ENABLE_PREVIEWS = YES;
				GENERATE_INFOPLIST_FILE = YES;
				INFOPLIST_FILE = "SDP-Ejercicios-SwiftUI/Info.plist";
				INFOPLIST_KEY_UIApplicationSceneManifest_Generation = YES;
				INFOPLIST_KEY_UIApplicationSupportsIndirectInputEvents = YES;
				INFOPLIST_KEY_UILaunchScreen_Generation = YES;
				INFOPLIST_KEY_UISupportedInterfaceOrientations_iPad = "UIInterfaceOrientationPortrait UIInterfaceOrientationPortraitUpsideDown UIInterfaceOrientationLandscapeLeft UIInterfaceOrientationLandscapeRight";
				INFOPLIST_KEY_UISupportedInterfaceOrientations_iPhone = "UIInterfaceOrientationPortrait UIInterfaceOrientationLandscapeLeft UIInterfaceOrientationLandscapeRight";
				LD_RUNPATH_SEARCH_PATHS = (
					"$(inherited)",
					"@executable_path/Frameworks",
				);
				MARKETING_VERSION = 1.0;
				PRODUCT_BUNDLE_IDENTIFIER = "com.example.SDP-Ejercicios-SwiftUI";
				PRODUCT_NAME = "$(TARGET_NAME)";
				STRING_CATALOG_GENERATE_SYMBOLS = YES;
				SWIFT_APPROACHABLE_CONCURRENCY = YES;
				SWIFT_DEFAULT_ACTOR_ISOLATION = MainActor;
				SWIFT_EMIT_LOC_STRINGS = YES;
				SWIFT_UPCOMING_FEATURE_MEMBER_IMPORT_VISIBILITY = YES;
				SWIFT_VERSION = 5.0;
				TARGETED_DEVICE_FAMILY = "1,2";
			};
			name = Release;
		};
/* End XCBuildConfiguration section */

/* Begin XCConfigurationList section */
		D5214A0B2EB8E50F007F2C51 /* Build configuration list for PBXProject "SDP-Ejercicios-SwiftUI" */ = {
			isa = XCConfigurationList;
			buildConfigurations = (
				D5214A192EB8E511007F2C51 /* Debug */,
				D5214A1A2EB8E511007F2C51 /* Release */,
			);
			defaultConfigurationIsVisible = 0;
			defaultConfigurationName = Release;
		};
		D5214A1B2EB8E511007F2C51 /* Build configuration list for PBXNativeTarget "SDP-Ejercicios-SwiftUI" */ = {
			isa = XCConfigurationList;
			buildConfigurations = (
				D5214A1C2EB8E511007F2C51 /* Debug */,
				D5214A1D2EB8E511007F2C51 /* Release */,
			);
			defaultConfigurationIsVisible = 0;
			defaultConfigurationName = Release;
		};
/* End XCConfigurationList section */
	};
	rootObject = D5214A082EB8E50F007F2C51 /* Project object */;
}
